
Microsoft Visual Studio Solution File, Format Version 12.00
# Visual Studio Version 17
VisualStudioVersion = 17.0.31903.59
MinimumVisualStudioVersion = 10.0.40219.1
Project("{2150E333-8FDC-42A3-9474-1A3956D46DE8}") = "src", "src", "{827E0CD3-B72D-47B6-A68D-7590B98EB39B}"
EndProject
Project("{FAE04EC0-301F-11D3-BF4B-00C04F79EFBC}") = "Domain", "src\Domain\Domain.csproj", "{D0E16553-B3BB-49F3-A938-F816FA87584A}"
EndProject
Project("{FAE04EC0-301F-11D3-BF4B-00C04F79EFBC}") = "Application.Contracts", "src\Application.Contracts\Application.Contracts.csproj", "{47F01D77-1497-4127-BFED-453734BC3AFE}"
EndProject
Project("{FAE04EC0-301F-11D3-BF4B-00C04F79EFBC}") = "Application.Abstractions", "src\Application.Abstractions\Application.Abstractions.csproj", "{9DC70058-3EE3-4D95-B951-8F2B3CD6C1F1}"
EndProject
Project("{FAE04EC0-301F-11D3-BF4B-00C04F79EFBC}") = "Application", "src\Application\Application.csproj", "{6476B3EA-93DE-49C0-A436-870F0D8B7883}"
EndProject
Project("{FAE04EC0-301F-11D3-BF4B-00C04F79EFBC}") = "Infrastructure.Persistence", "src\Infrastructure.Persistence\Infrastructure.Persistence.csproj", "{4014EAB8-143F-4E7C-8A44-8BF35769D626}"
EndProject
Project("{FAE04EC0-301F-11D3-BF4B-00C04F79EFBC}") = "Presentation.Http", "src\Presentation.Http\Presentation.Http.csproj", "{EFE6FD7A-2800-4599-B543-4F7854E6B683}"
EndProject
Project("{FAE04EC0-301F-11D3-BF4B-00C04F79EFBC}") = "AtmSystem", "src\AtmSystem\AtmSystem.csproj", "{CE1C1030-9BC6-4B5C-BF04-42DDA21C9A0D}"
EndProject
Project("{2150E333-8FDC-42A3-9474-1A3956D46DE8}") = "tests", "tests", "{0AB3BF05-4346-4AA6-1389-037BE0695223}"
EndProject
Project("{FAE04EC0-301F-11D3-BF4B-00C04F79EFBC}") = "AtmSystem.Tests", "tests\AtmSystem.Tests.csproj", "{5491A302-536E-4DE4-8803-866B0846C7F1}"
EndProject
Global
	GlobalSection(SolutionConfigurationPlatforms) = preSolution
		Debug|Any CPU = Debug|Any CPU
		Debug|x64 = Debug|x64
		Debug|x86 = Debug|x86
		Release|Any CPU = Release|Any CPU
		Release|x64 = Release|x64
		Release|x86 = Release|x86
	EndGlobalSection
	GlobalSection(ProjectConfigurationPlatforms) = postSolution
		{D0E16553-B3BB-49F3-A938-F816FA87584A}.Debug|Any CPU.ActiveCfg = Debug|Any CPU
		{D0E16553-B3BB-49F3-A938-F816FA87584A}.Debug|Any CPU.Build.0 = Debug|Any CPU
		{D0E16553-B3BB-49F3-A938-F816FA87584A}.Debug|x64.ActiveCfg = Debug|Any CPU
		{D0E16553-B3BB-49F3-A938-F816FA87584A}.Debug|x64.Build.0 = Debug|Any CPU
		{D0E16553-B3BB-49F3-A938-F816FA87584A}.Debug|x86.ActiveCfg = Debug|Any CPU
		{D0E16553-B3BB-49F3-A938-F816FA87584A}.Debug|x86.Build.0 = Debug|Any CPU
		{D0E16553-B3BB-49F3-A938-F816FA87584A}.Release|Any CPU.ActiveCfg = Release|Any CPU
		{D0E16553-B3BB-49F3-A938-F816FA87584A}.Release|Any CPU.Build.0 = Release|Any CPU
		{D0E16553-B3BB-49F3-A938-F816FA87584A}.Release|x64.ActiveCfg = Release|Any CPU
		{D0E16553-B3BB-49F3-A938-F816FA87584A}.Release|x64.Build.0 = Release|Any CPU
		{D0E16553-B3BB-49F3-A938-F816FA87584A}.Release|x86.ActiveCfg = Release|Any CPU
		{D0E16553-B3BB-49F3-A938-F816FA87584A}.Release|x86.Build.0 = Release|Any CPU
		{47F01D77-1497-4127-BFED-453734BC3AFE}.Debug|Any CPU.ActiveCfg = Debug|Any CPU
		{47F01D77-1497-4127-BFED-453734BC3AFE}.Debug|Any CPU.Build.0 = Debug|Any CPU
		{47F01D77-1497-4127-BFED-453734BC3AFE}.Debug|x64.ActiveCfg = Debug|Any CPU
		{47F01D77-1497-4127-BFED-453734BC3AFE}.Debug|x64.Build.0 = Debug|Any CPU
		{47F01D77-1497-4127-BFED-453734BC3AFE}.Debug|x86.ActiveCfg = Debug|Any CPU
		{47F01D77-1497-4127-BFED-453734BC3AFE}.Debug|x86.Build.0 = Debug|Any CPU
		{47F01D77-1497-4127-BFED-453734BC3AFE}.Release|Any CPU.ActiveCfg = Release|Any CPU
		{47F01D77-1497-4127-BFED-453734BC3AFE}.Release|Any CPU.Build.0 = Release|Any CPU
		{47F01D77-1497-4127-BFED-453734BC3AFE}.Release|x64.ActiveCfg = Release|Any CPU
		{47F01D77-1497-4127-BFED-453734BC3AFE}.Release|x64.Build.0 = Release|Any CPU
		{47F01D77-1497-4127-BFED-453734BC3AFE}.Release|x86.ActiveCfg = Release|Any CPU
		{47F01D77-1497-4127-BFED-453734BC3AFE}.Release|x86.Build.0 = Release|Any CPU
		{9DC70058-3EE3-4D95-B951-8F2B3CD6C1F1}.Debug|Any CPU.ActiveCfg = Debug|Any CPU
		{9DC70058-3EE3-4D95-B951-8F2B3CD6C1F1}.Debug|Any CPU.Build.0 = Debug|Any CPU
		{9DC70058-3EE3-4D95-B951-8F2B3CD6C1F1}.Debug|x64.ActiveCfg = Debug|Any CPU
		{9DC70058-3EE3-4D95-B951-8F2B3CD6C1F1}.Debug|x64.Build.0 = Debug|Any CPU
		{9DC70058-3EE3-4D95-B951-8F2B3CD6C1F1}.Debug|x86.ActiveCfg = Debug|Any CPU
		{9DC70058-3EE3-4D95-B951-8F2B3CD6C1F1}.Debug|x86.Build.0 = Debug|Any CPU
		{9DC70058-3EE3-4D95-B951-8F2B3CD6C1F1}.Release|Any CPU.ActiveCfg = Release|Any CPU
		{9DC70058-3EE3-4D95-B951-8F2B3CD6C1F1}.Release|Any CPU.Build.0 = Release|Any CPU
		{9DC70058-3EE3-4D95-B951-8F2B3CD6C1F1}.Release|x64.ActiveCfg = Release|Any CPU
		{9DC70058-3EE3-4D95-B951-8F2B3CD6C1F1}.Release|x64.Build.0 = Release|Any CPU
		{9DC70058-3EE3-4D95-B951-8F2B3CD6C1F1}.Release|x86.ActiveCfg = Release|Any CPU
		{9DC70058-3EE3-4D95-B951-8F2B3CD6C1F1}.Release|x86.Build.0 = Release|Any CPU
		{6476B3EA-93DE-49C0-A436-870F0D8B7883}.Debug|Any CPU.ActiveCfg = Debug|Any CPU
		{6476B3EA-93DE-49C0-A436-870F0D8B7883}.Debug|Any CPU.Build.0 = Debug|Any CPU
		{6476B3EA-93DE-49C0-A436-870F0D8B7883}.Debug|x64.ActiveCfg = Debug|Any CPU
		{6476B3EA-93DE-49C0-A436-870F0D8B7883}.Debug|x64.Build.0 = Debug|Any CPU
		{6476B3EA-93DE-49C0-A436-870F0D8B7883}.Debug|x86.ActiveCfg = Debug|Any CPU
		{6476B3EA-93DE-49C0-A436-870F0D8B7883}.Debug|x86.Build.0 = Debug|Any CPU
		{6476B3EA-93DE-49C0-A436-870F0D8B7883}.Release|Any CPU.ActiveCfg = Release|Any CPU
		{6476B3EA-93DE-49C0-A436-870F0D8B7883}.Release|Any CPU.Build.0 = Release|Any CPU
		{6476B3EA-93DE-49C0-A436-870F0D8B7883}.Release|x64.ActiveCfg = Release|Any CPU
		{6476B3EA-93DE-49C0-A436-870F0D8B7883}.Release|x64.Build.0 = Release|Any CPU
		{6476B3EA-93DE-49C0-A436-870F0D8B7883}.Release|x86.ActiveCfg = Release|Any CPU
		{6476B3EA-93DE-49C0-A436-870F0D8B7883}.Release|x86.Build.0 = Release|Any CPU
		{4014EAB8-143F-4E7C-8A44-8BF35769D626}.Debug|Any CPU.ActiveCfg = Debug|Any CPU
		{4014EAB8-143F-4E7C-8A44-8BF35769D626}.Debug|Any CPU.Build.0 = Debug|Any CPU
		{4014EAB8-143F-4E7C-8A44-8BF35769D626}.Debug|x64.ActiveCfg = Debug|Any CPU
		{4014EAB8-143F-4E7C-8A44-8BF35769D626}.Debug|x64.Build.0 = Debug|Any CPU
		{4014EAB8-143F-4E7C-8A44-8BF35769D626}.Debug|x86.ActiveCfg = Debug|Any CPU
		{4014EAB8-143F-4E7C-8A44-8BF35769D626}.Debug|x86.Build.0 = Debug|Any CPU
		{4014EAB8-143F-4E7C-8A44-8BF35769D626}.Release|Any CPU.ActiveCfg = Release|Any CPU
		{4014EAB8-143F-4E7C-8A44-8BF35769D626}.Release|Any CPU.Build.0 = Release|Any CPU
		{4014EAB8-143F-4E7C-8A44-8BF35769D626}.Release|x64.ActiveCfg = Release|Any CPU
		{4014EAB8-143F-4E7C-8A44-8BF35769D626}.Release|x64.Build.0 = Release|Any CPU
		{4014EAB8-143F-4E7C-8A44-8BF35769D626}.Release|x86.ActiveCfg = Release|Any CPU
		{4014EAB8-143F-4E7C-8A44-8BF35769D626}.Release|x86.Build.0 = Release|Any CPU
		{EFE6FD7A-2800-4599-B543-4F7854E6B683}.Debug|Any CPU.ActiveCfg = Debug|Any CPU
		{EFE6FD7A-2800-4599-B543-4F7854E6B683}.Debug|Any CPU.Build.0 = Debug|Any CPU
		{EFE6FD7A-2800-4599-B543-4F7854E6B683}.Debug|x64.ActiveCfg = Debug|Any CPU
		{EFE6FD7A-2800-4599-B543-4F7854E6B683}.Debug|x64.Build.0 = Debug|Any CPU
		{EFE6FD7A-2800-4599-B543-4F7854E6B683}.Debug|x86.ActiveCfg = Debug|Any CPU
		{EFE6FD7A-2800-4599-B543-4F7854E6B683}.Debug|x86.Build.0 = Debug|Any CPU
		{EFE6FD7A-2800-4599-B543-4F7854E6B683}.Release|Any CPU.ActiveCfg = Release|Any CPU
		{EFE6FD7A-2800-4599-B543-4F7854E6B683}.Release|Any CPU.Build.0 = Release|Any CPU
		{EFE6FD7A-2800-4599-B543-4F7854E6B683}.Release|x64.ActiveCfg = Release|Any CPU
		{EFE6FD7A-2800-4599-B543-4F7854E6B683}.Release|x64.Build.0 = Release|Any CPU
		{EFE6FD7A-2800-4599-B543-4F7854E6B683}.Release|x86.ActiveCfg = Release|Any CPU
		{EFE6FD7A-2800-4599-B543-4F7854E6B683}.Release|x86.Build.0 = Release|Any CPU
		{CE1C1030-9BC6-4B5C-BF04-42DDA21C9A0D}.Debug|Any CPU.ActiveCfg = Debug|Any CPU
		{CE1C1030-9BC6-4B5C-BF04-42DDA21C9A0D}.Debug|Any CPU.Build.0 = Debug|Any CPU
		{CE1C1030-9BC6-4B5C-BF04-42DDA21C9A0D}.Debug|x64.ActiveCfg = Debug|Any CPU
		{CE1C1030-9BC6-4B5C-BF04-42DDA21C9A0D}.Debug|x64.Build.0 = Debug|Any CPU
		{CE1C1030-9BC6-4B5C-BF04-42DDA21C9A0D}.Debug|x86.ActiveCfg = Debug|Any CPU
		{CE1C1030-9BC6-4B5C-BF04-42DDA21C9A0D}.Debug|x86.Build.0 = Debug|Any CPU
		{CE1C1030-9BC6-4B5C-BF04-42DDA21C9A0D}.Release|Any CPU.ActiveCfg = Release|Any CPU
		{CE1C1030-9BC6-4B5C-BF04-42DDA21C9A0D}.Release|Any CPU.Build.0 = Release|Any CPU
		{CE1C1030-9BC6-4B5C-BF04-42DDA21C9A0D}.Release|x64.ActiveCfg = Release|Any CPU
		{CE1C1030-9BC6-4B5C-BF04-42DDA21C9A0D}.Release|x64.Build.0 = Release|Any CPU
		{CE1C1030-9BC6-4B5C-BF04-42DDA21C9A0D}.Release|x86.ActiveCfg = Release|Any CPU
		{CE1C1030-9BC6-4B5C-BF04-42DDA21C9A0D}.Release|x86.Build.0 = Release|Any CPU
		{5491A302-536E-4DE4-8803-866B0846C7F1}.Debug|Any CPU.ActiveCfg = Debug|Any CPU
		{5491A302-536E-4DE4-8803-866B0846C7F1}.Debug|Any CPU.Build.0 = Debug|Any CPU
		{5491A302-536E-4DE4-8803-866B0846C7F1}.Debug|x64.ActiveCfg = Debug|Any CPU
		{5491A302-536E-4DE4-8803-866B0846C7F1}.Debug|x64.Build.0 = Debug|Any CPU
		{5491A302-536E-4DE4-8803-866B0846C7F1}.Debug|x86.ActiveCfg = Debug|Any CPU
		{5491A302-536E-4DE4-8803-866B0846C7F1}.Debug|x86.Build.0 = Debug|Any CPU
		{5491A302-536E-4DE4-8803-866B0846C7F1}.Release|Any CPU.ActiveCfg = Release|Any CPU
		{5491A302-536E-4DE4-8803-866B0846C7F1}.Release|Any CPU.Build.0 = Release|Any CPU
		{5491A302-536E-4DE4-8803-866B0846C7F1}.Release|x64.ActiveCfg = Release|Any CPU
		{5491A302-536E-4DE4-8803-866B0846C7F1}.Release|x64.Build.0 = Release|Any CPU
		{5491A302-536E-4DE4-8803-866B0846C7F1}.Release|x86.ActiveCfg = Release|Any CPU
		{5491A302-536E-4DE4-8803-866B0846C7F1}.Release|x86.Build.0 = Release|Any CPU
	EndGlobalSection
	GlobalSection(SolutionProperties) = preSolution
		HideSolutionNode = FALSE
	EndGlobalSection
	GlobalSection(NestedProjects) = preSolution
		{D0E16553-B3BB-49F3-A938-F816FA87584A} = {827E0CD3-B72D-47B6-A68D-7590B98EB39B}
		{47F01D77-1497-4127-BFED-453734BC3AFE} = {827E0CD3-B72D-47B6-A68D-7590B98EB39B}
		{9DC70058-3EE3-4D95-B951-8F2B3CD6C1F1} = {827E0CD3-B72D-47B6-A68D-7590B98EB39B}
		{6476B3EA-93DE-49C0-A436-870F0D8B7883} = {827E0CD3-B72D-47B6-A68D-7590B98EB39B}
		{4014EAB8-143F-4E7C-8A44-8BF35769D626} = {827E0CD3-B72D-47B6-A68D-7590B98EB39B}
		{EFE6FD7A-2800-4599-B543-4F7854E6B683} = {827E0CD3-B72D-47B6-A68D-7590B98EB39B}
		{CE1C1030-9BC6-4B5C-BF04-42DDA21C9A0D} = {827E0CD3-B72D-47B6-A68D-7590B98EB39B}
		{5491A302-536E-4DE4-8803-866B0846C7F1} = {0AB3BF05-4346-4AA6-1389-037BE0695223}
	EndGlobalSection
EndGlobal
